
Microsoft Visual Studio Solution File, Format Version 12.00
# Visual Studio 15
VisualStudioVersion = 15.0.27703.2000
MinimumVisualStudioVersion = 10.0.40219.1
Project("{FAE04EC0-301F-11D3-BF4B-00C04F79EFBC}") = "Proje_4", "Proje_4\Proje_4.csproj", "{1A5F8726-597F-48B6-83CE-D1EF4329E69F}"
EndProject
Global
	GlobalSection(SolutionConfigurationPlatforms) = preSolution
		Debug|Any CPU = Debug|Any CPU
		Release|Any CPU = Release|Any CPU
	EndGlobalSection
	GlobalSection(ProjectConfigurationPlatforms) = postSolution
		{1A5F8726-597F-48B6-83CE-D1EF4329E69F}.Debug|Any CPU.ActiveCfg = Debug|Any CPU
		{1A5F8726-597F-48B6-83CE-D1EF4329E69F}.Debug|Any CPU.Build.0 = Debug|Any CPU
		{1A5F8726-597F-48B6-83CE-D1EF4329E69F}.Release|Any CPU.ActiveCfg = Release|Any CPU
		{1A5F8726-597F-48B6-83CE-D1EF4329E69F}.Release|Any CPU.Build.0 = Release|Any CPU
	EndGlobalSection
	GlobalSection(SolutionProperties) = preSolution
		HideSolutionNode = FALSE
	EndGlobalSection
	GlobalSection(ExtensibilityGlobals) = postSolution
		SolutionGuid = {3B176B00-0FF8-443D-A946-38B0F7FC6FE4}
	EndGlobalSection
EndGlobal
